
Microsoft Visual Studio Solution File, Format Version 12.00
# Visual Studio Version 17
VisualStudioVersion = 17.8.34511.84
MinimumVisualStudioVersion = 10.0.40219.1
Project("{9A19103F-16F7-4668-BE54-9A1E7A4F7556}") = "testing_databas", "testing_databas\testing_databas.csproj", "{404B02C4-8BA7-48E8-A8B6-21281EA8EDCF}"
EndProject
Project("{9A19103F-16F7-4668-BE54-9A1E7A4F7556}") = "Faktura", "Faktura\Faktura.csproj", "{42252229-07FA-4057-9C01-DA310AEC031B}"
EndProject
Project("{FAE04EC0-301F-11D3-BF4B-00C04F79EFBC}") = "DatabasesInformation", "DatabasesInformation\DatabasesInformation.csproj", "{D73A17F5-321B-42E2-9E40-EC7B2B862771}"
EndProject
Global
	GlobalSection(SolutionConfigurationPlatforms) = preSolution
		Debug|Any CPU = Debug|Any CPU
		Release|Any CPU = Release|Any CPU
	EndGlobalSection
	GlobalSection(ProjectConfigurationPlatforms) = postSolution
		{404B02C4-8BA7-48E8-A8B6-21281EA8EDCF}.Debug|Any CPU.ActiveCfg = Debug|Any CPU
		{404B02C4-8BA7-48E8-A8B6-21281EA8EDCF}.Debug|Any CPU.Build.0 = Debug|Any CPU
		{404B02C4-8BA7-48E8-A8B6-21281EA8EDCF}.Release|Any CPU.ActiveCfg = Release|Any CPU
		{404B02C4-8BA7-48E8-A8B6-21281EA8EDCF}.Release|Any CPU.Build.0 = Release|Any CPU
		{42252229-07FA-4057-9C01-DA310AEC031B}.Debug|Any CPU.ActiveCfg = Debug|Any CPU
		{42252229-07FA-4057-9C01-DA310AEC031B}.Debug|Any CPU.Build.0 = Debug|Any CPU
		{42252229-07FA-4057-9C01-DA310AEC031B}.Release|Any CPU.ActiveCfg = Release|Any CPU
		{42252229-07FA-4057-9C01-DA310AEC031B}.Release|Any CPU.Build.0 = Release|Any CPU
		{D73A17F5-321B-42E2-9E40-EC7B2B862771}.Debug|Any CPU.ActiveCfg = Debug|Any CPU
		{D73A17F5-321B-42E2-9E40-EC7B2B862771}.Debug|Any CPU.Build.0 = Debug|Any CPU
		{D73A17F5-321B-42E2-9E40-EC7B2B862771}.Release|Any CPU.ActiveCfg = Release|Any CPU
		{D73A17F5-321B-42E2-9E40-EC7B2B862771}.Release|Any CPU.Build.0 = Release|Any CPU
	EndGlobalSection
	GlobalSection(SolutionProperties) = preSolution
		HideSolutionNode = FALSE
	EndGlobalSection
	GlobalSection(ExtensibilityGlobals) = postSolution
		SolutionGuid = {D2492DCE-45AF-4A96-BDBC-4C8BD9F1448B}
	EndGlobalSection
EndGlobal
